// !$*UTF8*$!
{
	archiveVersion = 1;
	classes = {
	};
	objectVersion = 77;
	objects = {

/* Begin PBXBuildFile section */
		8F2F2F782F329D3D00210930 /* FrankerFaceZ Extension.appex in Embed Foundation Extensions */ = {isa = PBXBuildFile; fileRef = 8F2F2F772F329D3D00210930 /* FrankerFaceZ Extension.appex */; settings = {ATTRIBUTES = (RemoveHeadersOnCopy, ); }; };
		8F2F2F822F329D3D00210930 /* FrankerFaceZ Extension.appex in Embed Foundation Extensions */ = {isa = PBXBuildFile; fileRef = 8F2F2F812F329D3D00210930 /* FrankerFaceZ Extension.appex */; settings = {ATTRIBUTES = (RemoveHeadersOnCopy, ); }; };
/* End PBXBuildFile section */

/* Begin PBXContainerItemProxy section */
		8F2F2F792F329D3D00210930 /* PBXContainerItemProxy */ = {
			isa = PBXContainerItemProxy;
			containerPortal = 8F2F2F3E2F329D3C00210930 /* Project object */;
			proxyType = 1;
			remoteGlobalIDString = 8F2F2F762F329D3D00210930;
			remoteInfo = "FrankerFaceZ Extension (iOS)";
		};
		8F2F2F832F329D3D00210930 /* PBXContainerItemProxy */ = {
			isa = PBXContainerItemProxy;
			containerPortal = 8F2F2F3E2F329D3C00210930 /* Project object */;
			proxyType = 1;
			remoteGlobalIDString = 8F2F2F802F329D3D00210930;
			remoteInfo = "FrankerFaceZ Extension (macOS)";
		};
/* End PBXContainerItemProxy section */

/* Begin PBXCopyFilesBuildPhase section */
		8F2F2FAA2F329D3D00210930 /* Embed Foundation Extensions */ = {
			isa = PBXCopyFilesBuildPhase;
			buildActionMask = 2147483647;
			dstPath = "";
			dstSubfolderSpec = 13;
			files = (
				8F2F2F782F329D3D00210930 /* FrankerFaceZ Extension.appex in Embed Foundation Extensions */,
			);
			name = "Embed Foundation Extensions";
			runOnlyForDeploymentPostprocessing = 0;
		};
		8F2F2FB42F329D3D00210930 /* Embed Foundation Extensions */ = {
			isa = PBXCopyFilesBuildPhase;
			buildActionMask = 2147483647;
			dstPath = "";
			dstSubfolderSpec = 13;
			files = (
				8F2F2F822F329D3D00210930 /* FrankerFaceZ Extension.appex in Embed Foundation Extensions */,
			);
			name = "Embed Foundation Extensions";
			runOnlyForDeploymentPostprocessing = 0;
		};
/* End PBXCopyFilesBuildPhase section */

/* Begin PBXFileReference section */
		8F2F2F5A2F329D3D00210930 /* FrankerFaceZ.app */ = {isa = PBXFileReference; explicitFileType = wrapper.application; includeInIndex = 0; path = FrankerFaceZ.app; sourceTree = BUILT_PRODUCTS_DIR; };
		8F2F2F6C2F329D3D00210930 /* FrankerFaceZ.app */ = {isa = PBXFileReference; explicitFileType = wrapper.application; includeInIndex = 0; path = FrankerFaceZ.app; sourceTree = BUILT_PRODUCTS_DIR; };
		8F2F2F772F329D3D00210930 /* FrankerFaceZ Extension.appex */ = {isa = PBXFileReference; explicitFileType = "wrapper.app-extension"; includeInIndex = 0; path = "FrankerFaceZ Extension.appex"; sourceTree = BUILT_PRODUCTS_DIR; };
		8F2F2F812F329D3D00210930 /* FrankerFaceZ Extension.appex */ = {isa = PBXFileReference; explicitFileType = "wrapper.app-extension"; includeInIndex = 0; path = "FrankerFaceZ Extension.appex"; sourceTree = BUILT_PRODUCTS_DIR; };
/* End PBXFileReference section */

/* Begin PBXFileSystemSynchronizedBuildFileExceptionSet section */
		8F2F2FA52F329D3D00210930 /* Exceptions for "Shared (App)" folder in "FrankerFaceZ (iOS)" target */ = {
			isa = PBXFileSystemSynchronizedBuildFileExceptionSet;
			membershipExceptions = (
				"/Localized: Resources/Main.html",
				Assets.xcassets,
				Resources/Icon.png,
				Resources/Script.js,
				Resources/Style.css,
				ViewController.swift,
			);
			target = 8F2F2F592F329D3D00210930 /* FrankerFaceZ (iOS) */;
		};
		8F2F2FA92F329D3D00210930 /* Exceptions for "iOS (Extension)" folder in "FrankerFaceZ Extension (iOS)" target */ = {
			isa = PBXFileSystemSynchronizedBuildFileExceptionSet;
			membershipExceptions = (
				Info.plist,
			);
			target = 8F2F2F762F329D3D00210930 /* FrankerFaceZ Extension (iOS) */;
		};
		8F2F2FAE2F329D3D00210930 /* Exceptions for "iOS (App)" folder in "FrankerFaceZ (iOS)" target */ = {
			isa = PBXFileSystemSynchronizedBuildFileExceptionSet;
			membershipExceptions = (
				Info.plist,
			);
			target = 8F2F2F592F329D3D00210930 /* FrankerFaceZ (iOS) */;
		};
		8F2F2FAF2F329D3D00210930 /* Exceptions for "Shared (App)" folder in "FrankerFaceZ (macOS)" target */ = {
			isa = PBXFileSystemSynchronizedBuildFileExceptionSet;
			membershipExceptions = (
				"/Localized: Resources/Main.html",
				Assets.xcassets,
				Resources/Icon.png,
				Resources/Script.js,
				Resources/Style.css,
				ViewController.swift,
			);
			target = 8F2F2F6B2F329D3D00210930 /* FrankerFaceZ (macOS) */;
		};
		8F2F2FB32F329D3D00210930 /* Exceptions for "macOS (Extension)" folder in "FrankerFaceZ Extension (macOS)" target */ = {
			isa = PBXFileSystemSynchronizedBuildFileExceptionSet;
			membershipExceptions = (
				Info.plist,
			);
			target = 8F2F2F802F329D3D00210930 /* FrankerFaceZ Extension (macOS) */;
		};
		8F2F2FB82F329D3D00210930 /* Exceptions for "Shared (Extension)" folder in "FrankerFaceZ Extension (iOS)" target */ = {
			isa = PBXFileSystemSynchronizedBuildFileExceptionSet;
			membershipExceptions = (
				Resources/_locales,
				Resources/background.js,
				Resources/content.js,
				Resources/images,
				Resources/manifest.json,
				Resources/popup.css,
				Resources/popup.html,
				Resources/popup.js,
				SafariWebExtensionHandler.swift,
			);
			target = 8F2F2F762F329D3D00210930 /* FrankerFaceZ Extension (iOS) */;
		};
		8F2F2FB92F329D3D00210930 /* Exceptions for "Shared (Extension)" folder in "FrankerFaceZ Extension (macOS)" target */ = {
			isa = PBXFileSystemSynchronizedBuildFileExceptionSet;
			membershipExceptions = (
				Resources/_locales,
				Resources/background.js,
				Resources/content.js,
				Resources/images,
				Resources/manifest.json,
				Resources/popup.css,
				Resources/popup.html,
				Resources/popup.js,
				SafariWebExtensionHandler.swift,
			);
			target = 8F2F2F802F329D3D00210930 /* FrankerFaceZ Extension (macOS) */;
		};
/* End PBXFileSystemSynchronizedBuildFileExceptionSet section */

/* Begin PBXFileSystemSynchronizedRootGroup section */
		8F2F2F422F329D3C00210930 /* Shared (App) */ = {
			isa = PBXFileSystemSynchronizedRootGroup;
			exceptions = (
				8F2F2FA52F329D3D00210930 /* Exceptions for "Shared (App)" folder in "FrankerFaceZ (iOS)" target */,
				8F2F2FAF2F329D3D00210930 /* Exceptions for "Shared (App)" folder in "FrankerFaceZ (macOS)" target */,
			);
			path = "Shared (App)";
			sourceTree = "<group>";
		};
		8F2F2F4B2F329D3D00210930 /* Shared (Extension) */ = {
			isa = PBXFileSystemSynchronizedRootGroup;
			exceptions = (
				8F2F2FB82F329D3D00210930 /* Exceptions for "Shared (Extension)" folder in "FrankerFaceZ Extension (iOS)" target */,
				8F2F2FB92F329D3D00210930 /* Exceptions for "Shared (Extension)" folder in "FrankerFaceZ Extension (macOS)" target */,
			);
			explicitFolders = (
				Resources/_locales,
				Resources/images,
			);
			path = "Shared (Extension)";
			sourceTree = "<group>";
		};
		8F2F2F5C2F329D3D00210930 /* iOS (App) */ = {
			isa = PBXFileSystemSynchronizedRootGroup;
			exceptions = (
				8F2F2FAE2F329D3D00210930 /* Exceptions for "iOS (App)" folder in "FrankerFaceZ (iOS)" target */,
			);
			path = "iOS (App)";
			sourceTree = "<group>";
		};
		8F2F2F6D2F329D3D00210930 /* macOS (App) */ = {
			isa = PBXFileSystemSynchronizedRootGroup;
			path = "macOS (App)";
			sourceTree = "<group>";
		};
		8F2F2F7B2F329D3D00210930 /* iOS (Extension) */ = {
			isa = PBXFileSystemSynchronizedRootGroup;
			exceptions = (
				8F2F2FA92F329D3D00210930 /* Exceptions for "iOS (Extension)" folder in "FrankerFaceZ Extension (iOS)" target */,
			);
			path = "iOS (Extension)";
			sourceTree = "<group>";
		};
		8F2F2F852F329D3D00210930 /* macOS (Extension) */ = {
			isa = PBXFileSystemSynchronizedRootGroup;
			exceptions = (
				8F2F2FB32F329D3D00210930 /* Exceptions for "macOS (Extension)" folder in "FrankerFaceZ Extension (macOS)" target */,
			);
			path = "macOS (Extension)";
			sourceTree = "<group>";
		};
/* End PBXFileSystemSynchronizedRootGroup section */

/* Begin PBXFrameworksBuildPhase section */
		8F2F2F572F329D3D00210930 /* Frameworks */ = {
			isa = PBXFrameworksBuildPhase;
			buildActionMask = 2147483647;
			files = (
			);
			runOnlyForDeploymentPostprocessing = 0;
		};
		8F2F2F692F329D3D00210930 /* Frameworks */ = {
			isa = PBXFrameworksBuildPhase;
			buildActionMask = 2147483647;
			files = (
			);
			runOnlyForDeploymentPostprocessing = 0;
		};
		8F2F2F742F329D3D00210930 /* Frameworks */ = {
			isa = PBXFrameworksBuildPhase;
			buildActionMask = 2147483647;
			files = (
			);
			runOnlyForDeploymentPostprocessing = 0;
		};
		8F2F2F7E2F329D3D00210930 /* Frameworks */ = {
			isa = PBXFrameworksBuildPhase;
			buildActionMask = 2147483647;
			files = (
			);
			runOnlyForDeploymentPostprocessing = 0;
		};
/* End PBXFrameworksBuildPhase section */

/* Begin PBXGroup section */
		8F2F2F3D2F329D3C00210930 = {
			isa = PBXGroup;
			children = (
				8F2F2F422F329D3C00210930 /* Shared (App) */,
				8F2F2F4B2F329D3D00210930 /* Shared (Extension) */,
				8F2F2F5C2F329D3D00210930 /* iOS (App) */,
				8F2F2F6D2F329D3D00210930 /* macOS (App) */,
				8F2F2F7B2F329D3D00210930 /* iOS (Extension) */,
				8F2F2F852F329D3D00210930 /* macOS (Extension) */,
				8F2F2F5B2F329D3D00210930 /* Products */,
			);
			sourceTree = "<group>";
		};
		8F2F2F5B2F329D3D00210930 /* Products */ = {
			isa = PBXGroup;
			children = (
				8F2F2F5A2F329D3D00210930 /* FrankerFaceZ.app */,
				8F2F2F6C2F329D3D00210930 /* FrankerFaceZ.app */,
				8F2F2F772F329D3D00210930 /* FrankerFaceZ Extension.appex */,
				8F2F2F812F329D3D00210930 /* FrankerFaceZ Extension.appex */,
			);
			name = Products;
			sourceTree = "<group>";
		};
/* End PBXGroup section */

/* Begin PBXNativeTarget section */
		8F2F2F592F329D3D00210930 /* FrankerFaceZ (iOS) */ = {
			isa = PBXNativeTarget;
			buildConfigurationList = 8F2F2FAB2F329D3D00210930 /* Build configuration list for PBXNativeTarget "FrankerFaceZ (iOS)" */;
			buildPhases = (
				8F2F2F562F329D3D00210930 /* Sources */,
				8F2F2F572F329D3D00210930 /* Frameworks */,
				8F2F2F582F329D3D00210930 /* Resources */,
				8F2F2FAA2F329D3D00210930 /* Embed Foundation Extensions */,
			);
			buildRules = (
			);
			dependencies = (
				8F2F2F7A2F329D3D00210930 /* PBXTargetDependency */,
			);
			fileSystemSynchronizedGroups = (
				8F2F2F5C2F329D3D00210930 /* iOS (App) */,
			);
			name = "FrankerFaceZ (iOS)";
			packageProductDependencies = (
			);
			productName = "FrankerFaceZ (iOS)";
			productReference = 8F2F2F5A2F329D3D00210930 /* FrankerFaceZ.app */;
			productType = "com.apple.product-type.application";
		};
		8F2F2F6B2F329D3D00210930 /* FrankerFaceZ (macOS) */ = {
			isa = PBXNativeTarget;
			buildConfigurationList = 8F2F2FB52F329D3D00210930 /* Build configuration list for PBXNativeTarget "FrankerFaceZ (macOS)" */;
			buildPhases = (
				8F2F2F682F329D3D00210930 /* Sources */,
				8F2F2F692F329D3D00210930 /* Frameworks */,
				8F2F2F6A2F329D3D00210930 /* Resources */,
				8F2F2FB42F329D3D00210930 /* Embed Foundation Extensions */,
			);
			buildRules = (
			);
			dependencies = (
				8F2F2F842F329D3D00210930 /* PBXTargetDependency */,
			);
			fileSystemSynchronizedGroups = (
				8F2F2F6D2F329D3D00210930 /* macOS (App) */,
			);
			name = "FrankerFaceZ (macOS)";
			packageProductDependencies = (
			);
			productName = "FrankerFaceZ (macOS)";
			productReference = 8F2F2F6C2F329D3D00210930 /* FrankerFaceZ.app */;
			productType = "com.apple.product-type.application";
		};
		8F2F2F762F329D3D00210930 /* FrankerFaceZ Extension (iOS) */ = {
			isa = PBXNativeTarget;
			buildConfigurationList = 8F2F2FA62F329D3D00210930 /* Build configuration list for PBXNativeTarget "FrankerFaceZ Extension (iOS)" */;
			buildPhases = (
				8F2F2F732F329D3D00210930 /* Sources */,
				8F2F2F742F329D3D00210930 /* Frameworks */,
				8F2F2F752F329D3D00210930 /* Resources */,
			);
			buildRules = (
			);
			dependencies = (
			);
			fileSystemSynchronizedGroups = (
				8F2F2F7B2F329D3D00210930 /* iOS (Extension) */,
			);
			name = "FrankerFaceZ Extension (iOS)";
			packageProductDependencies = (
			);
			productName = "FrankerFaceZ Extension (iOS)";
			productReference = 8F2F2F772F329D3D00210930 /* FrankerFaceZ Extension.appex */;
			productType = "com.apple.product-type.app-extension";
		};
		8F2F2F802F329D3D00210930 /* FrankerFaceZ Extension (macOS) */ = {
			isa = PBXNativeTarget;
			buildConfigurationList = 8F2F2FB02F329D3D00210930 /* Build configuration list for PBXNativeTarget "FrankerFaceZ Extension (macOS)" */;
			buildPhases = (
				8F2F2F7D2F329D3D00210930 /* Sources */,
				8F2F2F7E2F329D3D00210930 /* Frameworks */,
				8F2F2F7F2F329D3D00210930 /* Resources */,
			);
			buildRules = (
			);
			dependencies = (
			);
			fileSystemSynchronizedGroups = (
				8F2F2F852F329D3D00210930 /* macOS (Extension) */,
			);
			name = "FrankerFaceZ Extension (macOS)";
			packageProductDependencies = (
			);
			productName = "FrankerFaceZ Extension (macOS)";
			productReference = 8F2F2F812F329D3D00210930 /* FrankerFaceZ Extension.appex */;
			productType = "com.apple.product-type.app-extension";
		};
/* End PBXNativeTarget section */

/* Begin PBXProject section */
		8F2F2F3E2F329D3C00210930 /* Project object */ = {
			isa = PBXProject;
			attributes = {
				BuildIndependentTargetsInParallel = 1;
				LastSwiftUpdateCheck = 2620;
				LastUpgradeCheck = 2620;
				TargetAttributes = {
					8F2F2F592F329D3D00210930 = {
						CreatedOnToolsVersion = 26.2;
					};
					8F2F2F6B2F329D3D00210930 = {
						CreatedOnToolsVersion = 26.2;
					};
					8F2F2F762F329D3D00210930 = {
						CreatedOnToolsVersion = 26.2;
					};
					8F2F2F802F329D3D00210930 = {
						CreatedOnToolsVersion = 26.2;
					};
				};
			};
			buildConfigurationList = 8F2F2F412F329D3C00210930 /* Build configuration list for PBXProject "FrankerFaceZ" */;
			developmentRegion = en;
			hasScannedForEncodings = 0;
			knownRegions = (
				en,
				Base,
			);
			mainGroup = 8F2F2F3D2F329D3C00210930;
			minimizedProjectReferenceProxies = 1;
			preferredProjectObjectVersion = 77;
			productRefGroup = 8F2F2F5B2F329D3D00210930 /* Products */;
			projectDirPath = "";
			projectRoot = "";
			targets = (
				8F2F2F592F329D3D00210930 /* FrankerFaceZ (iOS) */,
				8F2F2F6B2F329D3D00210930 /* FrankerFaceZ (macOS) */,
				8F2F2F762F329D3D00210930 /* FrankerFaceZ Extension (iOS) */,
				8F2F2F802F329D3D00210930 /* FrankerFaceZ Extension (macOS) */,
			);
		};
/* End PBXProject section */

/* Begin PBXResourcesBuildPhase section */
		8F2F2F582F329D3D00210930 /* Resources */ = {
			isa = PBXResourcesBuildPhase;
			buildActionMask = 2147483647;
			files = (
			);
			runOnlyForDeploymentPostprocessing = 0;
		};
		8F2F2F6A2F329D3D00210930 /* Resources */ = {
			isa = PBXResourcesBuildPhase;
			buildActionMask = 2147483647;
			files = (
			);
			runOnlyForDeploymentPostprocessing = 0;
		};
		8F2F2F752F329D3D00210930 /* Resources */ = {
			isa = PBXResourcesBuildPhase;
			buildActionMask = 2147483647;
			files = (
			);
			runOnlyForDeploymentPostprocessing = 0;
		};
		8F2F2F7F2F329D3D00210930 /* Resources */ = {
			isa = PBXResourcesBuildPhase;
			buildActionMask = 2147483647;
			files = (
			);
			runOnlyForDeploymentPostprocessing = 0;
		};
/* End PBXResourcesBuildPhase section */

/* Begin PBXSourcesBuildPhase section */
		8F2F2F562F329D3D00210930 /* Sources */ = {
			isa = PBXSourcesBuildPhase;
			buildActionMask = 2147483647;
			files = (
			);
			runOnlyForDeploymentPostprocessing = 0;
		};
		8F2F2F682F329D3D00210930 /* Sources */ = {
			isa = PBXSourcesBuildPhase;
			buildActionMask = 2147483647;
			files = (
			);
			runOnlyForDeploymentPostprocessing = 0;
		};
		8F2F2F732F329D3D00210930 /* Sources */ = {
			isa = PBXSourcesBuildPhase;
			buildActionMask = 2147483647;
			files = (
			);
			runOnlyForDeploymentPostprocessing = 0;
		};
		8F2F2F7D2F329D3D00210930 /* Sources */ = {
			isa = PBXSourcesBuildPhase;
			buildActionMask = 2147483647;
			files = (
			);
			runOnlyForDeploymentPostprocessing = 0;
		};
/* End PBXSourcesBuildPhase section */

/* Begin PBXTargetDependency section */
		8F2F2F7A2F329D3D00210930 /* PBXTargetDependency */ = {
			isa = PBXTargetDependency;
			target = 8F2F2F762F329D3D00210930 /* FrankerFaceZ Extension (iOS) */;
			targetProxy = 8F2F2F792F329D3D00210930 /* PBXContainerItemProxy */;
		};
		8F2F2F842F329D3D00210930 /* PBXTargetDependency */ = {
			isa = PBXTargetDependency;
			target = 8F2F2F802F329D3D00210930 /* FrankerFaceZ Extension (macOS) */;
			targetProxy = 8F2F2F832F329D3D00210930 /* PBXContainerItemProxy */;
		};
/* End PBXTargetDependency section */

/* Begin XCBuildConfiguration section */
		8F2F2FA72F329D3D00210930 /* Debug */ = {
			isa = XCBuildConfiguration;
			buildSettings = {
				CODE_SIGN_STYLE = Automatic;
				CURRENT_PROJECT_VERSION = 1;
				DEVELOPMENT_TEAM = 43PYD54WZT;
				GENERATE_INFOPLIST_FILE = YES;
				INFOPLIST_FILE = "iOS (Extension)/Info.plist";
				INFOPLIST_KEY_CFBundleDisplayName = "FrankerFaceZ Extension";
				INFOPLIST_KEY_NSHumanReadableCopyright = "";
				IPHONEOS_DEPLOYMENT_TARGET = 15.0;
				LD_RUNPATH_SEARCH_PATHS = (
					"$(inherited)",
					"@executable_path/Frameworks",
					"@executable_path/../../Frameworks",
				);
				MARKETING_VERSION = 1.0;
				OTHER_LDFLAGS = (
					"-framework",
					SafariServices,
				);
				PRODUCT_BUNDLE_IDENTIFIER = kim.berninger.FrankerFaceZ.Extension;
				PRODUCT_NAME = "FrankerFaceZ Extension";
				SDKROOT = iphoneos;
				SKIP_INSTALL = YES;
				STRING_CATALOG_GENERATE_SYMBOLS = YES;
				SWIFT_APPROACHABLE_CONCURRENCY = YES;
				SWIFT_EMIT_LOC_STRINGS = YES;
				SWIFT_UPCOMING_FEATURE_MEMBER_IMPORT_VISIBILITY = YES;
				SWIFT_VERSION = 5.0;
				TARGETED_DEVICE_FAMILY = "1,2";
			};
			name = Debug;
		};
		8F2F2FA82F329D3D00210930 /* Release */ = {
			isa = XCBuildConfiguration;
			buildSettings = {
				CODE_SIGN_STYLE = Automatic;
				CURRENT_PROJECT_VERSION = 1;
				DEVELOPMENT_TEAM = 43PYD54WZT;
				GENERATE_INFOPLIST_FILE = YES;
				INFOPLIST_FILE = "iOS (Extension)/Info.plist";
				INFOPLIST_KEY_CFBundleDisplayName = "FrankerFaceZ Extension";
				INFOPLIST_KEY_NSHumanReadableCopyright = "";
				IPHONEOS_DEPLOYMENT_TARGET = 15.0;
				LD_RUNPATH_SEARCH_PATHS = (
					"$(inherited)",
					"@executable_path/Frameworks",
					"@executable_path/../../Frameworks",
				);
				MARKETING_VERSION = 1.0;
				OTHER_LDFLAGS = (
					"-framework",
					SafariServices,
				);
				PRODUCT_BUNDLE_IDENTIFIER = kim.berninger.FrankerFaceZ.Extension;
				PRODUCT_NAME = "FrankerFaceZ Extension";
				SDKROOT = iphoneos;
				SKIP_INSTALL = YES;
				STRING_CATALOG_GENERATE_SYMBOLS = YES;
				SWIFT_APPROACHABLE_CONCURRENCY = YES;
				SWIFT_EMIT_LOC_STRINGS = YES;
				SWIFT_UPCOMING_FEATURE_MEMBER_IMPORT_VISIBILITY = YES;
				SWIFT_VERSION = 5.0;
				TARGETED_DEVICE_FAMILY = "1,2";
				VALIDATE_PRODUCT = YES;
			};
			name = Release;
		};
		8F2F2FAC2F329D3D00210930 /* Debug */ = {
			isa = XCBuildConfiguration;
			buildSettings = {
				ASSETCATALOG_COMPILER_APPICON_NAME = AppIcon;
				ASSETCATALOG_COMPILER_GLOBAL_ACCENT_COLOR_NAME = AccentColor;
				CODE_SIGN_STYLE = Automatic;
				CURRENT_PROJECT_VERSION = 1;
				DEVELOPMENT_TEAM = 43PYD54WZT;
				GENERATE_INFOPLIST_FILE = YES;
				INFOPLIST_FILE = "iOS (App)/Info.plist";
				INFOPLIST_KEY_CFBundleDisplayName = FrankerFaceZ;
				INFOPLIST_KEY_UIApplicationSupportsIndirectInputEvents = YES;
				INFOPLIST_KEY_UILaunchStoryboardName = LaunchScreen;
				INFOPLIST_KEY_UIMainStoryboardFile = Main;
				INFOPLIST_KEY_UISupportedInterfaceOrientations = "UIInterfaceOrientationPortrait UIInterfaceOrientationLandscapeLeft UIInterfaceOrientationLandscapeRight";
				INFOPLIST_KEY_UISupportedInterfaceOrientations_iPad = "UIInterfaceOrientationPortrait UIInterfaceOrientationPortraitUpsideDown UIInterfaceOrientationLandscapeLeft UIInterfaceOrientationLandscapeRight";
				IPHONEOS_DEPLOYMENT_TARGET = 15.0;
				LD_RUNPATH_SEARCH_PATHS = (
					"$(inherited)",
					"@executable_path/Frameworks",
				);
				MARKETING_VERSION = 1.0;
				OTHER_LDFLAGS = (
					"-framework",
					SafariServices,
					"-framework",
					WebKit,
				);
				PRODUCT_BUNDLE_IDENTIFIER = kim.berninger.FrankerFaceZ;
				PRODUCT_NAME = FrankerFaceZ;
				SDKROOT = iphoneos;
				STRING_CATALOG_GENERATE_SYMBOLS = YES;
				SWIFT_APPROACHABLE_CONCURRENCY = YES;
				SWIFT_DEFAULT_ACTOR_ISOLATION = MainActor;
				SWIFT_EMIT_LOC_STRINGS = YES;
				SWIFT_UPCOMING_FEATURE_MEMBER_IMPORT_VISIBILITY = YES;
				SWIFT_VERSION = 5.0;
				TARGETED_DEVICE_FAMILY = "1,2";
			};
			name = Debug;
		};
		8F2F2FAD2F329D3D00210930 /* Release */ = {
			isa = XCBuildConfiguration;
			buildSettings = {
				ASSETCATALOG_COMPILER_APPICON_NAME = AppIcon;
				ASSETCATALOG_COMPILER_GLOBAL_ACCENT_COLOR_NAME = AccentColor;
				CODE_SIGN_STYLE = Automatic;
				CURRENT_PROJECT_VERSION = 1;
				DEVELOPMENT_TEAM = 43PYD54WZT;
				GENERATE_INFOPLIST_FILE = YES;
				INFOPLIST_FILE = "iOS (App)/Info.plist";
				INFOPLIST_KEY_CFBundleDisplayName = FrankerFaceZ;
				INFOPLIST_KEY_UIApplicationSupportsIndirectInputEvents = YES;
				INFOPLIST_KEY_UILaunchStoryboardName = LaunchScreen;
				INFOPLIST_KEY_UIMainStoryboardFile = Main;
				INFOPLIST_KEY_UISupportedInterfaceOrientations = "UIInterfaceOrientationPortrait UIInterfaceOrientationLandscapeLeft UIInterfaceOrientationLandscapeRight";
				INFOPLIST_KEY_UISupportedInterfaceOrientations_iPad = "UIInterfaceOrientationPortrait UIInterfaceOrientationPortraitUpsideDown UIInterfaceOrientationLandscapeLeft UIInterfaceOrientationLandscapeRight";
				IPHONEOS_DEPLOYMENT_TARGET = 15.0;
				LD_RUNPATH_SEARCH_PATHS = (
					"$(inherited)",
					"@executable_path/Frameworks",
				);
				MARKETING_VERSION = 1.0;
				OTHER_LDFLAGS = (
					"-framework",
					SafariServices,
					"-framework",
					WebKit,
				);
				PRODUCT_BUNDLE_IDENTIFIER = kim.berninger.FrankerFaceZ;
				PRODUCT_NAME = FrankerFaceZ;
				SDKROOT = iphoneos;
				STRING_CATALOG_GENERATE_SYMBOLS = YES;
				SWIFT_APPROACHABLE_CONCURRENCY = YES;
				SWIFT_DEFAULT_ACTOR_ISOLATION = MainActor;
				SWIFT_EMIT_LOC_STRINGS = YES;
				SWIFT_UPCOMING_FEATURE_MEMBER_IMPORT_VISIBILITY = YES;
				SWIFT_VERSION = 5.0;
				TARGETED_DEVICE_FAMILY = "1,2";
				VALIDATE_PRODUCT = YES;
			};
			name = Release;
		};
		8F2F2FB12F329D3D00210930 /* Debug */ = {
			isa = XCBuildConfiguration;
			buildSettings = {
				CODE_SIGN_STYLE = Automatic;
				CURRENT_PROJECT_VERSION = 1;
				DEVELOPMENT_TEAM = 43PYD54WZT;
				ENABLE_APP_SANDBOX = YES;
				ENABLE_HARDENED_RUNTIME = YES;
				ENABLE_USER_SELECTED_FILES = readonly;
				GENERATE_INFOPLIST_FILE = YES;
				INFOPLIST_FILE = "macOS (Extension)/Info.plist";
				INFOPLIST_KEY_CFBundleDisplayName = "FrankerFaceZ Extension";
				INFOPLIST_KEY_NSHumanReadableCopyright = "";
				LD_RUNPATH_SEARCH_PATHS = (
					"$(inherited)",
					"@executable_path/../Frameworks",
					"@executable_path/../../../../Frameworks",
				);
				MACOSX_DEPLOYMENT_TARGET = 10.14;
				MARKETING_VERSION = 1.0;
				OTHER_LDFLAGS = (
					"-framework",
					SafariServices,
				);
				PRODUCT_BUNDLE_IDENTIFIER = kim.berninger.FrankerFaceZ.Extension;
				PRODUCT_NAME = "FrankerFaceZ Extension";
				SDKROOT = macosx;
				SKIP_INSTALL = YES;
				STRING_CATALOG_GENERATE_SYMBOLS = YES;
				SWIFT_APPROACHABLE_CONCURRENCY = YES;
				SWIFT_EMIT_LOC_STRINGS = YES;
				SWIFT_UPCOMING_FEATURE_MEMBER_IMPORT_VISIBILITY = YES;
				SWIFT_VERSION = 5.0;
			};
			name = Debug;
		};
		8F2F2FB22F329D3D00210930 /* Release */ = {
			isa = XCBuildConfiguration;
			buildSettings = {
				CODE_SIGN_STYLE = Automatic;
				CURRENT_PROJECT_VERSION = 1;
				DEVELOPMENT_TEAM = 43PYD54WZT;
				ENABLE_APP_SANDBOX = YES;
				ENABLE_HARDENED_RUNTIME = YES;
				ENABLE_USER_SELECTED_FILES = readonly;
				GENERATE_INFOPLIST_FILE = YES;
				INFOPLIST_FILE = "macOS (Extension)/Info.plist";
				INFOPLIST_KEY_CFBundleDisplayName = "FrankerFaceZ Extension";
				INFOPLIST_KEY_NSHumanReadableCopyright = "";
				LD_RUNPATH_SEARCH_PATHS = (
					"$(inherited)",
					"@executable_path/../Frameworks",
					"@executable_path/../../../../Frameworks",
				);
				MACOSX_DEPLOYMENT_TARGET = 10.14;
				MARKETING_VERSION = 1.0;
				OTHER_LDFLAGS = (
					"-framework",
					SafariServices,
				);
				PRODUCT_BUNDLE_IDENTIFIER = kim.berninger.FrankerFaceZ.Extension;
				PRODUCT_NAME = "FrankerFaceZ Extension";
				SDKROOT = macosx;
				SKIP_INSTALL = YES;
				STRING_CATALOG_GENERATE_SYMBOLS = YES;
				SWIFT_APPROACHABLE_CONCURRENCY = YES;
				SWIFT_EMIT_LOC_STRINGS = YES;
				SWIFT_UPCOMING_FEATURE_MEMBER_IMPORT_VISIBILITY = YES;
				SWIFT_VERSION = 5.0;
			};
			name = Release;
		};
		8F2F2FB62F329D3D00210930 /* Debug */ = {
			isa = XCBuildConfiguration;
			buildSettings = {
				ASSETCATALOG_COMPILER_APPICON_NAME = AppIcon;
				ASSETCATALOG_COMPILER_GLOBAL_ACCENT_COLOR_NAME = AccentColor;
				CODE_SIGN_STYLE = Automatic;
				CURRENT_PROJECT_VERSION = 1;
				DEVELOPMENT_TEAM = 43PYD54WZT;
				ENABLE_APP_SANDBOX = YES;
				ENABLE_HARDENED_RUNTIME = YES;
				ENABLE_OUTGOING_NETWORK_CONNECTIONS = YES;
				ENABLE_USER_SELECTED_FILES = readonly;
				GENERATE_INFOPLIST_FILE = YES;
				INFOPLIST_KEY_CFBundleDisplayName = FrankerFaceZ;
				INFOPLIST_KEY_NSMainStoryboardFile = Main;
				INFOPLIST_KEY_NSPrincipalClass = NSApplication;
				LD_RUNPATH_SEARCH_PATHS = (
					"$(inherited)",
					"@executable_path/../Frameworks",
				);
				MACOSX_DEPLOYMENT_TARGET = 10.14;
				MARKETING_VERSION = 1.0;
				OTHER_LDFLAGS = (
					"-framework",
					SafariServices,
					"-framework",
					WebKit,
				);
				PRODUCT_BUNDLE_IDENTIFIER = kim.berninger.FrankerFaceZ;
				PRODUCT_NAME = FrankerFaceZ;
				REGISTER_APP_GROUPS = YES;
				SDKROOT = macosx;
				STRING_CATALOG_GENERATE_SYMBOLS = YES;
				SWIFT_APPROACHABLE_CONCURRENCY = YES;
				SWIFT_DEFAULT_ACTOR_ISOLATION = MainActor;
				SWIFT_EMIT_LOC_STRINGS = YES;
				SWIFT_UPCOMING_FEATURE_MEMBER_IMPORT_VISIBILITY = YES;
				SWIFT_VERSION = 5.0;
			};
			name = Debug;
		};
		8F2F2FB72F329D3D00210930 /* Release */ = {
			isa = XCBuildConfiguration;
			buildSettings = {
				ASSETCATALOG_COMPILER_APPICON_NAME = AppIcon;
				ASSETCATALOG_COMPILER_GLOBAL_ACCENT_COLOR_NAME = AccentColor;
				CODE_SIGN_STYLE = Automatic;
				CURRENT_PROJECT_VERSION = 1;
				DEVELOPMENT_TEAM = 43PYD54WZT;
				ENABLE_APP_SANDBOX = YES;
				ENABLE_HARDENED_RUNTIME = YES;
				ENABLE_OUTGOING_NETWORK_CONNECTIONS = YES;
				ENABLE_USER_SELECTED_FILES = readonly;
				GENERATE_INFOPLIST_FILE = YES;
				INFOPLIST_KEY_CFBundleDisplayName = FrankerFaceZ;
				INFOPLIST_KEY_NSMainStoryboardFile = Main;
				INFOPLIST_KEY_NSPrincipalClass = NSApplication;
				LD_RUNPATH_SEARCH_PATHS = (
					"$(inherited)",
					"@executable_path/../Frameworks",
				);
				MACOSX_DEPLOYMENT_TARGET = 10.14;
				MARKETING_VERSION = 1.0;
				OTHER_LDFLAGS = (
					"-framework",
					SafariServices,
					"-framework",
					WebKit,
				);
				PRODUCT_BUNDLE_IDENTIFIER = kim.berninger.FrankerFaceZ;
				PRODUCT_NAME = FrankerFaceZ;
				REGISTER_APP_GROUPS = YES;
				SDKROOT = macosx;
				STRING_CATALOG_GENERATE_SYMBOLS = YES;
				SWIFT_APPROACHABLE_CONCURRENCY = YES;
				SWIFT_DEFAULT_ACTOR_ISOLATION = MainActor;
				SWIFT_EMIT_LOC_STRINGS = YES;
				SWIFT_UPCOMING_FEATURE_MEMBER_IMPORT_VISIBILITY = YES;
				SWIFT_VERSION = 5.0;
			};
			name = Release;
		};
		8F2F2FBA2F329D3D00210930 /* Debug */ = {
			isa = XCBuildConfiguration;
			buildSettings = {
				ALWAYS_SEARCH_USER_PATHS = NO;
				ASSETCATALOG_COMPILER_GENERATE_SWIFT_ASSET_SYMBOL_EXTENSIONS = YES;
				CLANG_ANALYZER_NONNULL = YES;
				CLANG_ANALYZER_NUMBER_OBJECT_CONVERSION = YES_AGGRESSIVE;
				CLANG_CXX_LANGUAGE_STANDARD = "gnu++20";
				CLANG_ENABLE_MODULES = YES;
				CLANG_ENABLE_OBJC_ARC = YES;
				CLANG_ENABLE_OBJC_WEAK = YES;
				CLANG_WARN_BLOCK_CAPTURE_AUTORELEASING = YES;
				CLANG_WARN_BOOL_CONVERSION = YES;
				CLANG_WARN_COMMA = YES;
				CLANG_WARN_CONSTANT_CONVERSION = YES;
				CLANG_WARN_DEPRECATED_OBJC_IMPLEMENTATIONS = YES;
				CLANG_WARN_DIRECT_OBJC_ISA_USAGE = YES_ERROR;
				CLANG_WARN_DOCUMENTATION_COMMENTS = YES;
				CLANG_WARN_EMPTY_BODY = YES;
				CLANG_WARN_ENUM_CONVERSION = YES;
				CLANG_WARN_INFINITE_RECURSION = YES;
				CLANG_WARN_INT_CONVERSION = YES;
				CLANG_WARN_NON_LITERAL_NULL_CONVERSION = YES;
				CLANG_WARN_OBJC_IMPLICIT_RETAIN_SELF = YES;
				CLANG_WARN_OBJC_LITERAL_CONVERSION = YES;
				CLANG_WARN_OBJC_ROOT_CLASS = YES_ERROR;
				CLANG_WARN_QUOTED_INCLUDE_IN_FRAMEWORK_HEADER = YES;
				CLANG_WARN_RANGE_LOOP_ANALYSIS = YES;
				CLANG_WARN_STRICT_PROTOTYPES = YES;
				CLANG_WARN_SUSPICIOUS_MOVE = YES;
				CLANG_WARN_UNGUARDED_AVAILABILITY = YES_AGGRESSIVE;
				CLANG_WARN_UNREACHABLE_CODE = YES;
				CLANG_WARN__DUPLICATE_METHOD_MATCH = YES;
				COPY_PHASE_STRIP = NO;
				DEBUG_INFORMATION_FORMAT = dwarf;
				DEVELOPMENT_TEAM = 43PYD54WZT;
				ENABLE_STRICT_OBJC_MSGSEND = YES;
				ENABLE_TESTABILITY = YES;
				ENABLE_USER_SCRIPT_SANDBOXING = YES;
				GCC_C_LANGUAGE_STANDARD = gnu17;
				GCC_DYNAMIC_NO_PIC = NO;
				GCC_NO_COMMON_BLOCKS = YES;
				GCC_OPTIMIZATION_LEVEL = 0;
				GCC_PREPROCESSOR_DEFINITIONS = (
					"DEBUG=1",
					"$(inherited)",
				);
				GCC_WARN_64_TO_32_BIT_CONVERSION = YES;
				GCC_WARN_ABOUT_RETURN_TYPE = YES_ERROR;
				GCC_WARN_UNDECLARED_SELECTOR = YES;
				GCC_WARN_UNINITIALIZED_AUTOS = YES_AGGRESSIVE;
				GCC_WARN_UNUSED_FUNCTION = YES;
				GCC_WARN_UNUSED_VARIABLE = YES;
				LOCALIZATION_PREFERS_STRING_CATALOGS = YES;
				MTL_ENABLE_DEBUG_INFO = INCLUDE_SOURCE;
				MTL_FAST_MATH = YES;
				ONLY_ACTIVE_ARCH = YES;
				SWIFT_ACTIVE_COMPILATION_CONDITIONS = "DEBUG $(inherited)";
				SWIFT_OPTIMIZATION_LEVEL = "-Onone";
			};
			name = Debug;
		};
		8F2F2FBB2F329D3D00210930 /* Release */ = {
			isa = XCBuildConfiguration;
			buildSettings = {
				ALWAYS_SEARCH_USER_PATHS = NO;
				ASSETCATALOG_COMPILER_GENERATE_SWIFT_ASSET_SYMBOL_EXTENSIONS = YES;
				CLANG_ANALYZER_NONNULL = YES;
				CLANG_ANALYZER_NUMBER_OBJECT_CONVERSION = YES_AGGRESSIVE;
				CLANG_CXX_LANGUAGE_STANDARD = "gnu++20";
				CLANG_ENABLE_MODULES = YES;
				CLANG_ENABLE_OBJC_ARC = YES;
				CLANG_ENABLE_OBJC_WEAK = YES;
				CLANG_WARN_BLOCK_CAPTURE_AUTORELEASING = YES;
				CLANG_WARN_BOOL_CONVERSION = YES;
				CLANG_WARN_COMMA = YES;
				CLANG_WARN_CONSTANT_CONVERSION = YES;
				CLANG_WARN_DEPRECATED_OBJC_IMPLEMENTATIONS = YES;
				CLANG_WARN_DIRECT_OBJC_ISA_USAGE = YES_ERROR;
				CLANG_WARN_DOCUMENTATION_COMMENTS = YES;
				CLANG_WARN_EMPTY_BODY = YES;
				CLANG_WARN_ENUM_CONVERSION = YES;
				CLANG_WARN_INFINITE_RECURSION = YES;
				CLANG_WARN_INT_CONVERSION = YES;
				CLANG_WARN_NON_LITERAL_NULL_CONVERSION = YES;
				CLANG_WARN_OBJC_IMPLICIT_RETAIN_SELF = YES;
				CLANG_WARN_OBJC_LITERAL_CONVERSION = YES;
				CLANG_WARN_OBJC_ROOT_CLASS = YES_ERROR;
				CLANG_WARN_QUOTED_INCLUDE_IN_FRAMEWORK_HEADER = YES;
				CLANG_WARN_RANGE_LOOP_ANALYSIS = YES;
				CLANG_WARN_STRICT_PROTOTYPES = YES;
				CLANG_WARN_SUSPICIOUS_MOVE = YES;
				CLANG_WARN_UNGUARDED_AVAILABILITY = YES_AGGRESSIVE;
				CLANG_WARN_UNREACHABLE_CODE = YES;
				CLANG_WARN__DUPLICATE_METHOD_MATCH = YES;
				COPY_PHASE_STRIP = NO;
				DEBUG_INFORMATION_FORMAT = "dwarf-with-dsym";
				DEVELOPMENT_TEAM = 43PYD54WZT;
				ENABLE_NS_ASSERTIONS = NO;
				ENABLE_STRICT_OBJC_MSGSEND = YES;
				ENABLE_USER_SCRIPT_SANDBOXING = YES;
				GCC_C_LANGUAGE_STANDARD = gnu17;
				GCC_NO_COMMON_BLOCKS = YES;
				GCC_WARN_64_TO_32_BIT_CONVERSION = YES;
				GCC_WARN_ABOUT_RETURN_TYPE = YES_ERROR;
				GCC_WARN_UNDECLARED_SELECTOR = YES;
				GCC_WARN_UNINITIALIZED_AUTOS = YES_AGGRESSIVE;
				GCC_WARN_UNUSED_FUNCTION = YES;
				GCC_WARN_UNUSED_VARIABLE = YES;
				LOCALIZATION_PREFERS_STRING_CATALOGS = YES;
				MTL_ENABLE_DEBUG_INFO = NO;
				MTL_FAST_MATH = YES;
				SWIFT_COMPILATION_MODE = wholemodule;
			};
			name = Release;
		};
/* End XCBuildConfiguration section */

/* Begin XCConfigurationList section */
		8F2F2F412F329D3C00210930 /* Build configuration list for PBXProject "FrankerFaceZ" */ = {
			isa = XCConfigurationList;
			buildConfigurations = (
				8F2F2FBA2F329D3D00210930 /* Debug */,
				8F2F2FBB2F329D3D00210930 /* Release */,
			);
			defaultConfigurationIsVisible = 0;
			defaultConfigurationName = Release;
		};
		8F2F2FA62F329D3D00210930 /* Build configuration list for PBXNativeTarget "FrankerFaceZ Extension (iOS)" */ = {
			isa = XCConfigurationList;
			buildConfigurations = (
				8F2F2FA72F329D3D00210930 /* Debug */,
				8F2F2FA82F329D3D00210930 /* Release */,
			);
			defaultConfigurationIsVisible = 0;
			defaultConfigurationName = Release;
		};
		8F2F2FAB2F329D3D00210930 /* Build configuration list for PBXNativeTarget "FrankerFaceZ (iOS)" */ = {
			isa = XCConfigurationList;
			buildConfigurations = (
				8F2F2FAC2F329D3D00210930 /* Debug */,
				8F2F2FAD2F329D3D00210930 /* Release */,
			);
			defaultConfigurationIsVisible = 0;
			defaultConfigurationName = Release;
		};
		8F2F2FB02F329D3D00210930 /* Build configuration list for PBXNativeTarget "FrankerFaceZ Extension (macOS)" */ = {
			isa = XCConfigurationList;
			buildConfigurations = (
				8F2F2FB12F329D3D00210930 /* Debug */,
				8F2F2FB22F329D3D00210930 /* Release */,
			);
			defaultConfigurationIsVisible = 0;
			defaultConfigurationName = Release;
		};
		8F2F2FB52F329D3D00210930 /* Build configuration list for PBXNativeTarget "FrankerFaceZ (macOS)" */ = {
			isa = XCConfigurationList;
			buildConfigurations = (
				8F2F2FB62F329D3D00210930 /* Debug */,
				8F2F2FB72F329D3D00210930 /* Release */,
			);
			defaultConfigurationIsVisible = 0;
			defaultConfigurationName = Release;
		};
/* End XCConfigurationList section */
	};
	rootObject = 8F2F2F3E2F329D3C00210930 /* Project object */;
}
